
Microsoft Visual Studio Solution File, Format Version 12.00
# Visual Studio Version 16
VisualStudioVersion = 16.0.30114.105
MinimumVisualStudioVersion = 10.0.40219.1
Project("{9A19103F-16F7-4668-BE54-9A1E7A4F7556}") = "CalendarPicker", "CalendarPicker\CalendarPicker.csproj", "{83FF5EE6-F000-4B40-A4C4-A67C68FED7A5}"
EndProject
Project("{FAE04EC0-301F-11D3-BF4B-00C04F79EFBC}") = "CalendarPicker.Tests", "CalendarPicker.Tests\CalendarPicker.Tests.csproj", "{FD6057BD-210B-4A8A-B86A-F96DC6BDBE2F}"
EndProject
Global
	GlobalSection(SolutionConfigurationPlatforms) = preSolution
		Debug|Any CPU = Debug|Any CPU
		Release|Any CPU = Release|Any CPU
	EndGlobalSection
	GlobalSection(ProjectConfigurationPlatforms) = postSolution
		{83FF5EE6-F000-4B40-A4C4-A67C68FED7A5}.Debug|Any CPU.ActiveCfg = Debug|Any CPU
		{83FF5EE6-F000-4B40-A4C4-A67C68FED7A5}.Debug|Any CPU.Build.0 = Debug|Any CPU
		{83FF5EE6-F000-4B40-A4C4-A67C68FED7A5}.Release|Any CPU.ActiveCfg = Release|Any CPU
		{83FF5EE6-F000-4B40-A4C4-A67C68FED7A5}.Release|Any CPU.Build.0 = Release|Any CPU
		{FD6057BD-210B-4A8A-B86A-F96DC6BDBE2F}.Debug|Any CPU.ActiveCfg = Debug|Any CPU
		{FD6057BD-210B-4A8A-B86A-F96DC6BDBE2F}.Debug|Any CPU.Build.0 = Debug|Any CPU
		{FD6057BD-210B-4A8A-B86A-F96DC6BDBE2F}.Release|Any CPU.ActiveCfg = Release|Any CPU
		{FD6057BD-210B-4A8A-B86A-F96DC6BDBE2F}.Release|Any CPU.Build.0 = Release|Any CPU
	EndGlobalSection
	GlobalSection(SolutionProperties) = preSolution
		HideSolutionNode = FALSE
	EndGlobalSection
	GlobalSection(ExtensibilityGlobals) = postSolution
		SolutionGuid = {60B811EA-3446-42A3-936F-9A7A29D7C60B}
	EndGlobalSection
EndGlobal
